
Microsoft Visual Studio Solution File, Format Version 12.00
# Visual Studio Version 16
VisualStudioVersion = 16.0.28803.452
MinimumVisualStudioVersion = 10.0.40219.1
Project("{FAE04EC0-301F-11D3-BF4B-00C04F79EFBC}") = "ComHex", "ComHex\ComHex.csproj", "{96AEE9EB-52C0-4CAD-9100-86ECF19FB591}"
EndProject
Global
	GlobalSection(SolutionConfigurationPlatforms) = preSolution
		Debug|Any CPU = Debug|Any CPU
		Release|Any CPU = Release|Any CPU
	EndGlobalSection
	GlobalSection(ProjectConfigurationPlatforms) = postSolution
		{96AEE9EB-52C0-4CAD-9100-86ECF19FB591}.Debug|Any CPU.ActiveCfg = Debug|Any CPU
		{96AEE9EB-52C0-4CAD-9100-86ECF19FB591}.Debug|Any CPU.Build.0 = Debug|Any CPU
		{96AEE9EB-52C0-4CAD-9100-86ECF19FB591}.Release|Any CPU.ActiveCfg = Release|Any CPU
		{96AEE9EB-52C0-4CAD-9100-86ECF19FB591}.Release|Any CPU.Build.0 = Release|Any CPU
	EndGlobalSection
	GlobalSection(SolutionProperties) = preSolution
		HideSolutionNode = FALSE
	EndGlobalSection
	GlobalSection(ExtensibilityGlobals) = postSolution
		SolutionGuid = {6F323FD3-54DE-45BC-9AFB-32B20610B44C}
	EndGlobalSection
EndGlobal
